
Microsoft Visual Studio Solution File, Format Version 12.00
# Visual Studio Version 16
VisualStudioVersion = 16.0.30611.23
MinimumVisualStudioVersion = 10.0.40219.1
Project("{FAE04EC0-301F-11D3-BF4B-00C04F79EFBC}") = "NAudioRecordTest", "NAudioRecordTest.csproj", "{98F1F58B-50F9-4116-BA9A-C3284811194F}"
	ProjectSection(ProjectDependencies) = postProject
		{ED29E3FB-4899-4B22-8081-24ED25E56A54} = {ED29E3FB-4899-4B22-8081-24ED25E56A54}
	EndProjectSection
EndProject
Project("{FAE04EC0-301F-11D3-BF4B-00C04F79EFBC}") = "VoiceControlLibrary", "..\VoiceControlLibrary\VoiceControlLibrary.csproj", "{C13C690D-97E2-49AF-9E09-45230B860B2C}"
EndProject
Project("{FAE04EC0-301F-11D3-BF4B-00C04F79EFBC}") = "VoiceControlLib", "..\VoiceControlLib\VoiceControlLib.csproj", "{ED29E3FB-4899-4B22-8081-24ED25E56A54}"
EndProject
Global
	GlobalSection(SolutionConfigurationPlatforms) = preSolution
		Debug|Any CPU = Debug|Any CPU
		Release|Any CPU = Release|Any CPU
	EndGlobalSection
	GlobalSection(ProjectConfigurationPlatforms) = postSolution
		{98F1F58B-50F9-4116-BA9A-C3284811194F}.Debug|Any CPU.ActiveCfg = Debug|Any CPU
		{98F1F58B-50F9-4116-BA9A-C3284811194F}.Debug|Any CPU.Build.0 = Debug|Any CPU
		{98F1F58B-50F9-4116-BA9A-C3284811194F}.Release|Any CPU.ActiveCfg = Release|Any CPU
		{98F1F58B-50F9-4116-BA9A-C3284811194F}.Release|Any CPU.Build.0 = Release|Any CPU
		{C13C690D-97E2-49AF-9E09-45230B860B2C}.Debug|Any CPU.ActiveCfg = Debug|Any CPU
		{C13C690D-97E2-49AF-9E09-45230B860B2C}.Debug|Any CPU.Build.0 = Debug|Any CPU
		{C13C690D-97E2-49AF-9E09-45230B860B2C}.Release|Any CPU.ActiveCfg = Release|Any CPU
		{C13C690D-97E2-49AF-9E09-45230B860B2C}.Release|Any CPU.Build.0 = Release|Any CPU
		{ED29E3FB-4899-4B22-8081-24ED25E56A54}.Debug|Any CPU.ActiveCfg = Debug|Any CPU
		{ED29E3FB-4899-4B22-8081-24ED25E56A54}.Debug|Any CPU.Build.0 = Debug|Any CPU
		{ED29E3FB-4899-4B22-8081-24ED25E56A54}.Release|Any CPU.ActiveCfg = Release|Any CPU
		{ED29E3FB-4899-4B22-8081-24ED25E56A54}.Release|Any CPU.Build.0 = Release|Any CPU
	EndGlobalSection
	GlobalSection(SolutionProperties) = preSolution
		HideSolutionNode = FALSE
	EndGlobalSection
	GlobalSection(ExtensibilityGlobals) = postSolution
		SolutionGuid = {BAAECE7B-4238-407A-83D8-37A7025F93D6}
	EndGlobalSection
EndGlobal
