
Microsoft Visual Studio Solution File, Format Version 12.00
# Visual Studio Version 16
VisualStudioVersion = 16.0.30611.23
MinimumVisualStudioVersion = 10.0.40219.1
Project("{FAE04EC0-301F-11D3-BF4B-00C04F79EFBC}") = "NAudioRecordTest", "NAudioRecordTest.csproj", "{98F1F58B-50F9-4116-BA9A-C3284811194F}"
EndProject
Project("{9A19103F-16F7-4668-BE54-9A1E7A4F7556}") = "VoiceControlLib", "..\VoiceControlLib\VoiceControlLib.csproj", "{41BC1A0D-AE48-4227-BEC0-7313D59F527C}"
EndProject
Global
	GlobalSection(SolutionConfigurationPlatforms) = preSolution
		Debug|Any CPU = Debug|Any CPU
		Release|Any CPU = Release|Any CPU
	EndGlobalSection
	GlobalSection(ProjectConfigurationPlatforms) = postSolution
		{98F1F58B-50F9-4116-BA9A-C3284811194F}.Debug|Any CPU.ActiveCfg = Debug|Any CPU
		{98F1F58B-50F9-4116-BA9A-C3284811194F}.Debug|Any CPU.Build.0 = Debug|Any CPU
		{98F1F58B-50F9-4116-BA9A-C3284811194F}.Release|Any CPU.ActiveCfg = Release|Any CPU
		{98F1F58B-50F9-4116-BA9A-C3284811194F}.Release|Any CPU.Build.0 = Release|Any CPU
		{41BC1A0D-AE48-4227-BEC0-7313D59F527C}.Debug|Any CPU.ActiveCfg = Debug|Any CPU
		{41BC1A0D-AE48-4227-BEC0-7313D59F527C}.Debug|Any CPU.Build.0 = Debug|Any CPU
		{41BC1A0D-AE48-4227-BEC0-7313D59F527C}.Release|Any CPU.ActiveCfg = Release|Any CPU
		{41BC1A0D-AE48-4227-BEC0-7313D59F527C}.Release|Any CPU.Build.0 = Release|Any CPU
	EndGlobalSection
	GlobalSection(SolutionProperties) = preSolution
		HideSolutionNode = FALSE
	EndGlobalSection
	GlobalSection(ExtensibilityGlobals) = postSolution
		SolutionGuid = {BAAECE7B-4238-407A-83D8-37A7025F93D6}
	EndGlobalSection
EndGlobal
